PODS:
  - all_sensors (0.0.1):
    - Flutter
  - Flutter (1.0.0)

DEPENDENCIES:
  - all_sensors (from `.symlinks/plugins/all_sensors/ios`)
  - Flutter (from `Flutter`)

EXTERNAL SOURCES:
  all_sensors:
    :path: ".symlinks/plugins/all_sensors/ios"
  Flutter:
    :path: Flutter

SPEC CHECKSUMS:
  all_sensors: 13f46502204bebbd1e06b65ff3d7cdaa03d88b26
  Flutter: f04841e97a9d0b0a8025694d0796dd46242b2854

PODFILE CHECKSUM: 663715e941f9adb426e33bf9376914006f9ea95b

COCOAPODS: 1.11.3
